
Microsoft Visual Studio Solution File, Format Version 12.00
# Visual Studio Version 17
VisualStudioVersion = 17.13.35507.96 d17.13
MinimumVisualStudioVersion = 10.0.40219.1
Project("{FAE04EC0-301F-11D3-BF4B-00C04F79EFBC}") = "Bjarne", "Bjarne\Bjarne.csproj", "{B9B81ECB-1546-4C37-A05B-59BD22DBC885}"
EndProject
Global
	GlobalSection(SolutionConfigurationPlatforms) = preSolution
		Debug|Any CPU = Debug|Any CPU
		Release|Any CPU = Release|Any CPU
	EndGlobalSection
	GlobalSection(ProjectConfigurationPlatforms) = postSolution
		{B9B81ECB-1546-4C37-A05B-59BD22DBC885}.Debug|Any CPU.ActiveCfg = Debug|Any CPU
		{B9B81ECB-1546-4C37-A05B-59BD22DBC885}.Debug|Any CPU.Build.0 = Debug|Any CPU
		{B9B81ECB-1546-4C37-A05B-59BD22DBC885}.Release|Any CPU.ActiveCfg = Release|Any CPU
		{B9B81ECB-1546-4C37-A05B-59BD22DBC885}.Release|Any CPU.Build.0 = Release|Any CPU
	EndGlobalSection
	GlobalSection(SolutionProperties) = preSolution
		HideSolutionNode = FALSE
	EndGlobalSection
	GlobalSection(ExtensibilityGlobals) = postSolution
		SolutionGuid = {276E831A-D366-4C6C-864B-6C4AA1699DAC}
	EndGlobalSection
EndGlobal
